# This file was autogenerated by Stack.
# You should not edit this file by hand.
# For more information, please see the documentation at:
#   https://docs.haskellstack.org/en/stable/lock_files

packages:
- completed:
    cabal-file:
      size: 14588
      sha256: 5a0fc1031d01c89ebbe051a99f17661502b97fe848954e8fe1caafd1c3188856
    name: accelerate
    version: 2.0.0.0
    git: https://github.com/sakehl/accelerate.git
    pantry-tree:
      size: 7601
      sha256: f56d7e45232fd32f4cfb66ddf0cf9682e05ab12224cd0c45f76050c6d78f4665
    commit: 0a7351b5c1f60c48107cf7a7e4843d9b1566f6a4
  original:
    git: https://github.com/sakehl/accelerate.git
    commit: 0a7351b5c1f60c48107cf7a7e4843d9b1566f6a4
- completed:
    subdir: accelerate-llvm
    cabal-file:
      size: 5102
      sha256: 18746040561a53435f500afe7861ae73ef71c2afe6415b774a6e99db40fe3bc4
    name: accelerate-llvm
    version: 2.0.0.0
    git: https://github.com/sakehl/accelerate-llvm.git
    pantry-tree:
      size: 4478
      sha256: 2255debe35b74907122bb6adb01aba5ff87bf836b2a4dada723e8a9312b32f3e
    commit: 34db99d1bdab96027d0f71a931212944ea1a4018
  original:
    subdir: accelerate-llvm
    git: https://github.com/sakehl/accelerate-llvm.git
    commit: 34db99d1bdab96027d0f71a931212944ea1a4018
- completed:
    subdir: accelerate-llvm-native
    cabal-file:
      size: 3965
      sha256: 4051ce25c502a9b49f488c31723ddadc5b528d8259af7cbf72f36f4b39ffe36c
    name: accelerate-llvm-native
    version: 2.0.0.0
    git: https://github.com/sakehl/accelerate-llvm.git
    pantry-tree:
      size: 2494
      sha256: 5c8231f8a8ba0c483e1d2db81695ecf3202e502cf32e90ab97d7bfaddd089aee
    commit: 34db99d1bdab96027d0f71a931212944ea1a4018
  original:
    subdir: accelerate-llvm-native
    git: https://github.com/sakehl/accelerate-llvm.git
    commit: 34db99d1bdab96027d0f71a931212944ea1a4018
- completed:
    cabal-file:
      size: 3730
      sha256: eda5bc5159b85a1a31a0bd4cf0d757b9661afe97d77a8ca26f8c2182642dbf9b
    name: accelerate-fft
    version: 1.1.0.0
    git: https://github.com/sakehl/accelerate-fft.git
    pantry-tree:
      size: 2221
      sha256: 43c52aeb2eb2109510e54bb106d599b6a03db498e285eabe991d9819e1cefbc7
    commit: ff02cafe0f619aaaad893bebf2213de74590fd90
  original:
    git: https://github.com/sakehl/accelerate-fft.git
    commit: ff02cafe0f619aaaad893bebf2213de74590fd90
- completed:
    subdir: llvm-hs
    cabal-file:
      size: 8556
      sha256: f8972f28b3dacb51921231ffe0a90b6dcd4937c0c4752002b87b0b44acd06f84
    name: llvm-hs
    version: 4.0.0.0
    git: https://github.com/sakehl/llvm-hs.git
    pantry-tree:
      size: 11846
      sha256: 61bdf8aa97508aed56a9bd4fa118cb2ce15d969012360278ecc04f2307b7de4f
    commit: e733ec05c36bab0f3c4f669ada40e6a1416c7c2c
  original:
    subdir: llvm-hs
    git: https://github.com/sakehl/llvm-hs.git
    commit: e733ec05c36bab0f3c4f669ada40e6a1416c7c2c
- completed:
    subdir: llvm-hs-pure
    cabal-file:
      size: 3196
      sha256: 194582f216d187b0245bdeffa21de79b7b3afa2ced81561afc68ea160fd8adea
    name: llvm-hs-pure
    version: 4.0.0.0
    git: https://github.com/sakehl/llvm-hs.git
    pantry-tree:
      size: 2097
      sha256: 8ebab5388633bb04511557967d5343591158b19faf9224642d8b0decc7f109d2
    commit: e733ec05c36bab0f3c4f669ada40e6a1416c7c2c
  original:
    subdir: llvm-hs-pure
    git: https://github.com/sakehl/llvm-hs.git
    commit: e733ec05c36bab0f3c4f669ada40e6a1416c7c2c
- completed:
    hackage: lens-accelerate-0.2.0.0@sha256:292e850bf11f3babbb9d7af362ff99fc29621fb33fed06e681af2e124f09f53d,1493
    pantry-tree:
      size: 704
      sha256: 11a4d09c8aee88f5a0d25df91b08462486cb500ca80512adb81129077b255528
  original:
    hackage: lens-accelerate-0.2.0.0
- completed:
    hackage: accelerate-io-1.0.0.1@sha256:5451c9fa17ae3366bac61bec01626519d79df9e63af0c814760116cf7570c7e1,3001
    pantry-tree:
      size: 850
      sha256: d8cc96aeb0bfb0556e0808934274540bfd84cfde92eaff4bc73fa2a7d15a0c6a
  original:
    hackage: accelerate-io-1.0.0.1
- completed:
    hackage: repa-3.4.1.4@sha256:48b30b6e4c51ab99afd0a482d48df52858d6545c0b5cc5680571fa31d9f17e9a,3315
    pantry-tree:
      size: 2965
      sha256: ceffba9e68b87e317e8e0adc08ef2589cb19f0a83a50c36af86a38b2e407b389
  original:
    hackage: repa-3.4.1.4
- completed:
    hackage: vector-0.12.0.1@sha256:3d644fff350ee3eee2896e4d00cb45e73956f2862f0b18ee502282702682b978,7073
    pantry-tree:
      size: 3429
      sha256: 1805ffc336afbeba30d053807665da94b20427d156ada4c7e9180f9da0e2bd43
  original:
    hackage: vector-0.12.0.1
- completed:
    hackage: pretty-1.1.3.6@sha256:e16ffc733e816cfc09e99cc7f2398805f1f4c872d238a6b81668b5527284b382,2482
    pantry-tree:
      size: 1308
      sha256: 9f62289797600d7121862309c306a3b495f872dccfe3d5c4bdeaf85d5ad12dd7
  original:
    hackage: pretty-1.1.3.6
- completed:
    hackage: cuda-0.10.1.0@sha256:1f4f38852cc99ab80aec0aec8eeadb5fe01d891e67003ad2084d657349b60878,5879
    pantry-tree:
      size: 3857
      sha256: 5dfd9d7ecbc824febf36b5282be884b08919faa0e1b08bc7f8b246780583eb98
  original:
    hackage: cuda-0.10.1.0
- completed:
    hackage: file-embed-0.0.11@sha256:77bb3b1dc219ccd682706b1d3dfbc5bf2db5beb1af6c108ed9e0f5b4d58a5a0a,1325
    pantry-tree:
      size: 477
      sha256: 8f21a85661002dae6c21865bfaba3f2be07ff68fdad902a7ba142364ddb059c8
  original:
    hackage: file-embed-0.0.11
- completed:
    hackage: cufft-0.9.0.1@sha256:e5f2fce0e967d2f9873a385322d3c09c803739707726dfb5fe80cf312b2259e6,2188
    pantry-tree:
      size: 709
      sha256: 6c378a19874124aa3f87d0cbcbdb058ffceb7c7681f3bf9b8d50a1d074cfec71
  original:
    hackage: cufft-0.9.0.1
snapshots:
- completed:
    size: 496698
    url: https://raw.githubusercontent.com/commercialhaskell/stackage-snapshots/master/lts/13/10.yaml
    sha256: cccd8a6de18d13cd00f751b25684b3ca1e548648ea41874de78904fec1b9cb36
  original: lts-13.10
